// !$*UTF8*$!
{
	archiveVersion = 1;
	classes = {
	};
	objectVersion = 56;
	objects = {

/* Begin PBXBuildFile section */
		5E1127902AE960D500ACED60 /* PigApp.swift in Sources */ = {isa = PBXBuildFile; fileRef = 5E11278F2AE960D500ACED60 /* PigApp.swift */; };
		5E1127922AE960D500ACED60 /* ContentView.swift in Sources */ = {isa = PBXBuildFile; fileRef = 5E1127912AE960D500ACED60 /* ContentView.swift */; };
		5E1127942AE960D700ACED60 /* Assets.xcassets in Resources */ = {isa = PBXBuildFile; fileRef = 5E1127932AE960D700ACED60 /* Assets.xcassets */; };
		5E1127972AE960D700ACED60 /* Preview Assets.xcassets in Resources */ = {isa = PBXBuildFile; fileRef = 5E1127962AE960D700ACED60 /* Preview Assets.xcassets */; };
		5E1127A12AE960D700ACED60 /* PigTests.swift in Sources */ = {isa = PBXBuildFile; fileRef = 5E1127A02AE960D700ACED60 /* PigTests.swift */; };
		5E1127AB2AE960D700ACED60 /* PigUITests.swift in Sources */ = {isa = PBXBuildFile; fileRef = 5E1127AA2AE960D700ACED60 /* PigUITests.swift */; };
		5E1127AD2AE960D700ACED60 /* PigUITestsLaunchTests.swift in Sources */ = {isa = PBXBuildFile; fileRef = 5E1127AC2AE960D700ACED60 /* PigUITestsLaunchTests.swift */; };
/* End PBXBuildFile section */

/* Begin PBXContainerItemProxy section */
		5E11279D2AE960D700ACED60 /* PBXContainerItemProxy */ = {
			isa = PBXContainerItemProxy;
			containerPortal = 5E1127842AE960D500ACED60 /* Project object */;
			proxyType = 1;
			remoteGlobalIDString = 5E11278B2AE960D500ACED60;
			remoteInfo = Pig;
		};
		5E1127A72AE960D700ACED60 /* PBXContainerItemProxy */ = {
			isa = PBXContainerItemProxy;
			containerPortal = 5E1127842AE960D500ACED60 /* Project object */;
			proxyType = 1;
			remoteGlobalIDString = 5E11278B2AE960D500ACED60;
			remoteInfo = Pig;
		};
/* End PBXContainerItemProxy section */

/* Begin PBXFileReference section */
		5E11278C2AE960D500ACED60 /* Pig.app */ = {isa = PBXFileReference; explicitFileType = wrapper.application; includeInIndex = 0; path = Pig.app; sourceTree = BUILT_PRODUCTS_DIR; };
		5E11278F2AE960D500ACED60 /* PigApp.swift */ = {isa = PBXFileReference; lastKnownFileType = sourcecode.swift; path = PigApp.swift; sourceTree = "<group>"; };
		5E1127912AE960D500ACED60 /* ContentView.swift */ = {isa = PBXFileReference; lastKnownFileType = sourcecode.swift; path = ContentView.swift; sourceTree = "<group>"; };
		5E1127932AE960D700ACED60 /* Assets.xcassets */ = {isa = PBXFileReference; lastKnownFileType = folder.assetcatalog; path = Assets.xcassets; sourceTree = "<group>"; };
		5E1127962AE960D700ACED60 /* Preview Assets.xcassets */ = {isa = PBXFileReference; lastKnownFileType = folder.assetcatalog; path = "Preview Assets.xcassets"; sourceTree = "<group>"; };
		5E11279C2AE960D700ACED60 /* PigTests.xctest */ = {isa = PBXFileReference; explicitFileType = wrapper.cfbundle; includeInIndex = 0; path = PigTests.xctest; sourceTree = BUILT_PRODUCTS_DIR; };
		5E1127A02AE960D700ACED60 /* PigTests.swift */ = {isa = PBXFileReference; lastKnownFileType = sourcecode.swift; path = PigTests.swift; sourceTree = "<group>"; };
		5E1127A62AE960D700ACED60 /* PigUITests.xctest */ = {isa = PBXFileReference; explicitFileType = wrapper.cfbundle; includeInIndex = 0; path = PigUITests.xctest; sourceTree = BUILT_PRODUCTS_DIR; };
		5E1127AA2AE960D700ACED60 /* PigUITests.swift */ = {isa = PBXFileReference; lastKnownFileType = sourcecode.swift; path = PigUITests.swift; sourceTree = "<group>"; };
		5E1127AC2AE960D700ACED60 /* PigUITestsLaunchTests.swift */ = {isa = PBXFileReference; lastKnownFileType = sourcecode.swift; path = PigUITestsLaunchTests.swift; sourceTree = "<group>"; };
/* End PBXFileReference section */

/* Begin PBXFrameworksBuildPhase section */
		5E1127892AE960D500ACED60 /* Frameworks */ = {
			isa = PBXFrameworksBuildPhase;
			buildActionMask = 2147483647;
			files = (
			);
			runOnlyForDeploymentPostprocessing = 0;
		};
		5E1127992AE960D700ACED60 /* Frameworks */ = {
			isa = PBXFrameworksBuildPhase;
			buildActionMask = 2147483647;
			files = (
			);
			runOnlyForDeploymentPostprocessing = 0;
		};
		5E1127A32AE960D700ACED60 /* Frameworks */ = {
			isa = PBXFrameworksBuildPhase;
			buildActionMask = 2147483647;
			files = (
			);
			runOnlyForDeploymentPostprocessing = 0;
		};
/* End PBXFrameworksBuildPhase section */

/* Begin PBXGroup section */
		5E1127832AE960D500ACED60 = {
			isa = PBXGroup;
			children = (
				5E11278E2AE960D500ACED60 /* Pig */,
				5E11279F2AE960D700ACED60 /* PigTests */,
				5E1127A92AE960D700ACED60 /* PigUITests */,
				5E11278D2AE960D500ACED60 /* Products */,
			);
			sourceTree = "<group>";
		};
		5E11278D2AE960D500ACED60 /* Products */ = {
			isa = PBXGroup;
			children = (
				5E11278C2AE960D500ACED60 /* Pig.app */,
				5E11279C2AE960D700ACED60 /* PigTests.xctest */,
				5E1127A62AE960D700ACED60 /* PigUITests.xctest */,
			);
			name = Products;
			sourceTree = "<group>";
		};
		5E11278E2AE960D500ACED60 /* Pig */ = {
			isa = PBXGroup;
			children = (
				5E11278F2AE960D500ACED60 /* PigApp.swift */,
				5E1127912AE960D500ACED60 /* ContentView.swift */,
				5E1127932AE960D700ACED60 /* Assets.xcassets */,
				5E1127952AE960D700ACED60 /* Preview Content */,
			);
			path = Pig;
			sourceTree = "<group>";
		};
		5E1127952AE960D700ACED60 /* Preview Content */ = {
			isa = PBXGroup;
			children = (
				5E1127962AE960D700ACED60 /* Preview Assets.xcassets */,
			);
			path = "Preview Content";
			sourceTree = "<group>";
		};
		5E11279F2AE960D700ACED60 /* PigTests */ = {
			isa = PBXGroup;
			children = (
				5E1127A02AE960D700ACED60 /* PigTests.swift */,
			);
			path = PigTests;
			sourceTree = "<group>";
		};
		5E1127A92AE960D700ACED60 /* PigUITests */ = {
			isa = PBXGroup;
			children = (
				5E1127AA2AE960D700ACED60 /* PigUITests.swift */,
				5E1127AC2AE960D700ACED60 /* PigUITestsLaunchTests.swift */,
			);
			path = PigUITests;
			sourceTree = "<group>";
		};
/* End PBXGroup section */

/* Begin PBXNativeTarget section */
		5E11278B2AE960D500ACED60 /* Pig */ = {
			isa = PBXNativeTarget;
			buildConfigurationList = 5E1127B02AE960D700ACED60 /* Build configuration list for PBXNativeTarget "Pig" */;
			buildPhases = (
				5E1127882AE960D500ACED60 /* Sources */,
				5E1127892AE960D500ACED60 /* Frameworks */,
				5E11278A2AE960D500ACED60 /* Resources */,
			);
			buildRules = (
			);
			dependencies = (
			);
			name = Pig;
			productName = Pig;
			productReference = 5E11278C2AE960D500ACED60 /* Pig.app */;
			productType = "com.apple.product-type.application";
		};
		5E11279B2AE960D700ACED60 /* PigTests */ = {
			isa = PBXNativeTarget;
			buildConfigurationList = 5E1127B32AE960D700ACED60 /* Build configuration list for PBXNativeTarget "PigTests" */;
			buildPhases = (
				5E1127982AE960D700ACED60 /* Sources */,
				5E1127992AE960D700ACED60 /* Frameworks */,
				5E11279A2AE960D700ACED60 /* Resources */,
			);
			buildRules = (
			);
			dependencies = (
				5E11279E2AE960D700ACED60 /* PBXTargetDependency */,
			);
			name = PigTests;
			productName = PigTests;
			productReference = 5E11279C2AE960D700ACED60 /* PigTests.xctest */;
			productType = "com.apple.product-type.bundle.unit-test";
		};
		5E1127A52AE960D700ACED60 /* PigUITests */ = {
			isa = PBXNativeTarget;
			buildConfigurationList = 5E1127B62AE960D700ACED60 /* Build configuration list for PBXNativeTarget "PigUITests" */;
			buildPhases = (
				5E1127A22AE960D700ACED60 /* Sources */,
				5E1127A32AE960D700ACED60 /* Frameworks */,
				5E1127A42AE960D700ACED60 /* Resources */,
			);
			buildRules = (
			);
			dependencies = (
				5E1127A82AE960D700ACED60 /* PBXTargetDependency */,
			);
			name = PigUITests;
			productName = PigUITests;
			productReference = 5E1127A62AE960D700ACED60 /* PigUITests.xctest */;
			productType = "com.apple.product-type.bundle.ui-testing";
		};
/* End PBXNativeTarget section */

/* Begin PBXProject section */
		5E1127842AE960D500ACED60 /* Project object */ = {
			isa = PBXProject;
			attributes = {
				BuildIndependentTargetsInParallel = 1;
				LastSwiftUpdateCheck = 1430;
				LastUpgradeCheck = 1430;
				TargetAttributes = {
					5E11278B2AE960D500ACED60 = {
						CreatedOnToolsVersion = 14.3.1;
					};
					5E11279B2AE960D700ACED60 = {
						CreatedOnToolsVersion = 14.3.1;
						TestTargetID = 5E11278B2AE960D500ACED60;
					};
					5E1127A52AE960D700ACED60 = {
						CreatedOnToolsVersion = 14.3.1;
						TestTargetID = 5E11278B2AE960D500ACED60;
					};
				};
			};
			buildConfigurationList = 5E1127872AE960D500ACED60 /* Build configuration list for PBXProject "Pig" */;
			compatibilityVersion = "Xcode 14.0";
			developmentRegion = en;
			hasScannedForEncodings = 0;
			knownRegions = (
				en,
				Base,
			);
			mainGroup = 5E1127832AE960D500ACED60;
			productRefGroup = 5E11278D2AE960D500ACED60 /* Products */;
			projectDirPath = "";
			projectRoot = "";
			targets = (
				5E11278B2AE960D500ACED60 /* Pig */,
				5E11279B2AE960D700ACED60 /* PigTests */,
				5E1127A52AE960D700ACED60 /* PigUITests */,
			);
		};
/* End PBXProject section */

/* Begin PBXResourcesBuildPhase section */
		5E11278A2AE960D500ACED60 /* Resources */ = {
			isa = PBXResourcesBuildPhase;
			buildActionMask = 2147483647;
			files = (
				5E1127972AE960D700ACED60 /* Preview Assets.xcassets in Resources */,
				5E1127942AE960D700ACED60 /* Assets.xcassets in Resources */,
			);
			runOnlyForDeploymentPostprocessing = 0;
		};
		5E11279A2AE960D700ACED60 /* Resources */ = {
			isa = PBXResourcesBuildPhase;
			buildActionMask = 2147483647;
			files = (
			);
			runOnlyForDeploymentPostprocessing = 0;
		};
		5E1127A42AE960D700ACED60 /* Resources */ = {
			isa = PBXResourcesBuildPhase;
			buildActionMask = 2147483647;
			files = (
			);
			runOnlyForDeploymentPostprocessing = 0;
		};
/* End PBXResourcesBuildPhase section */

/* Begin PBXSourcesBuildPhase section */
		5E1127882AE960D500ACED60 /* Sources */ = {
			isa = PBXSourcesBuildPhase;
			buildActionMask = 2147483647;
			files = (
				5E1127922AE960D500ACED60 /* ContentView.swift in Sources */,
				5E1127902AE960D500ACED60 /* PigApp.swift in Sources */,
			);
			runOnlyForDeploymentPostprocessing = 0;
		};
		5E1127982AE960D700ACED60 /* Sources */ = {
			isa = PBXSourcesBuildPhase;
			buildActionMask = 2147483647;
			files = (
				5E1127A12AE960D700ACED60 /* PigTests.swift in Sources */,
			);
			runOnlyForDeploymentPostprocessing = 0;
		};
		5E1127A22AE960D700ACED60 /* Sources */ = {
			isa = PBXSourcesBuildPhase;
			buildActionMask = 2147483647;
			files = (
				5E1127AB2AE960D700ACED60 /* PigUITests.swift in Sources */,
				5E1127AD2AE960D700ACED60 /* PigUITestsLaunchTests.swift in Sources */,
			);
			runOnlyForDeploymentPostprocessing = 0;
		};
/* End PBXSourcesBuildPhase section */

/* Begin PBXTargetDependency section */
		5E11279E2AE960D700ACED60 /* PBXTargetDependency */ = {
			isa = PBXTargetDependency;
			target = 5E11278B2AE960D500ACED60 /* Pig */;
			targetProxy = 5E11279D2AE960D700ACED60 /* PBXContainerItemProxy */;
		};
		5E1127A82AE960D700ACED60 /* PBXTargetDependency */ = {
			isa = PBXTargetDependency;
			target = 5E11278B2AE960D500ACED60 /* Pig */;
			targetProxy = 5E1127A72AE960D700ACED60 /* PBXContainerItemProxy */;
		};
/* End PBXTargetDependency section */

/* Begin XCBuildConfiguration section */
		5E1127AE2AE960D700ACED60 /* Debug */ = {
			isa = XCBuildConfiguration;
			buildSettings = {
				ALWAYS_SEARCH_USER_PATHS = NO;
				CLANG_ANALYZER_NONNULL = YES;
				CLANG_ANALYZER_NUMBER_OBJECT_CONVERSION = YES_AGGRESSIVE;
				CLANG_CXX_LANGUAGE_STANDARD = "gnu++20";
				CLANG_ENABLE_MODULES = YES;
				CLANG_ENABLE_OBJC_ARC = YES;
				CLANG_ENABLE_OBJC_WEAK = YES;
				CLANG_WARN_BLOCK_CAPTURE_AUTORELEASING = YES;
				CLANG_WARN_BOOL_CONVERSION = YES;
				CLANG_WARN_COMMA = YES;
				CLANG_WARN_CONSTANT_CONVERSION = YES;
				CLANG_WARN_DEPRECATED_OBJC_IMPLEMENTATIONS = YES;
				CLANG_WARN_DIRECT_OBJC_ISA_USAGE = YES_ERROR;
				CLANG_WARN_DOCUMENTATION_COMMENTS = YES;
				CLANG_WARN_EMPTY_BODY = YES;
				CLANG_WARN_ENUM_CONVERSION = YES;
				CLANG_WARN_INFINITE_RECURSION = YES;
				CLANG_WARN_INT_CONVERSION = YES;
				CLANG_WARN_NON_LITERAL_NULL_CONVERSION = YES;
				CLANG_WARN_OBJC_IMPLICIT_RETAIN_SELF = YES;
				CLANG_WARN_OBJC_LITERAL_CONVERSION = YES;
				CLANG_WARN_OBJC_ROOT_CLASS = YES_ERROR;
				CLANG_WARN_QUOTED_INCLUDE_IN_FRAMEWORK_HEADER = YES;
				CLANG_WARN_RANGE_LOOP_ANALYSIS = YES;
				CLANG_WARN_STRICT_PROTOTYPES = YES;
				CLANG_WARN_SUSPICIOUS_MOVE = YES;
				CLANG_WARN_UNGUARDED_AVAILABILITY = YES_AGGRESSIVE;
				CLANG_WARN_UNREACHABLE_CODE = YES;
				CLANG_WARN__DUPLICATE_METHOD_MATCH = YES;
				COPY_PHASE_STRIP = NO;
				DEBUG_INFORMATION_FORMAT = dwarf;
				ENABLE_STRICT_OBJC_MSGSEND = YES;
				ENABLE_TESTABILITY = YES;
				GCC_C_LANGUAGE_STANDARD = gnu11;
				GCC_DYNAMIC_NO_PIC = NO;
				GCC_NO_COMMON_BLOCKS = YES;
				GCC_OPTIMIZATION_LEVEL = 0;
				GCC_PREPROCESSOR_DEFINITIONS = (
					"DEBUG=1",
					"$(inherited)",
				);
				GCC_WARN_64_TO_32_BIT_CONVERSION = YES;
				GCC_WARN_ABOUT_RETURN_TYPE = YES_ERROR;
				GCC_WARN_UNDECLARED_SELECTOR = YES;
				GCC_WARN_UNINITIALIZED_AUTOS = YES_AGGRESSIVE;
				GCC_WARN_UNUSED_FUNCTION = YES;
				GCC_WARN_UNUSED_VARIABLE = YES;
				IPHONEOS_DEPLOYMENT_TARGET = 16.4;
				MTL_ENABLE_DEBUG_INFO = INCLUDE_SOURCE;
				MTL_FAST_MATH = YES;
				ONLY_ACTIVE_ARCH = YES;
				SDKROOT = iphoneos;
				SWIFT_ACTIVE_COMPILATION_CONDITIONS = DEBUG;
				SWIFT_OPTIMIZATION_LEVEL = "-Onone";
			};
			name = Debug;
		};
		5E1127AF2AE960D700ACED60 /* Release */ = {
			isa = XCBuildConfiguration;
			buildSettings = {
				ALWAYS_SEARCH_USER_PATHS = NO;
				CLANG_ANALYZER_NONNULL = YES;
				CLANG_ANALYZER_NUMBER_OBJECT_CONVERSION = YES_AGGRESSIVE;
				CLANG_CXX_LANGUAGE_STANDARD = "gnu++20";
				CLANG_ENABLE_MODULES = YES;
				CLANG_ENABLE_OBJC_ARC = YES;
				CLANG_ENABLE_OBJC_WEAK = YES;
				CLANG_WARN_BLOCK_CAPTURE_AUTORELEASING = YES;
				CLANG_WARN_BOOL_CONVERSION = YES;
				CLANG_WARN_COMMA = YES;
				CLANG_WARN_CONSTANT_CONVERSION = YES;
				CLANG_WARN_DEPRECATED_OBJC_IMPLEMENTATIONS = YES;
				CLANG_WARN_DIRECT_OBJC_ISA_USAGE = YES_ERROR;
				CLANG_WARN_DOCUMENTATION_COMMENTS = YES;
				CLANG_WARN_EMPTY_BODY = YES;
				CLANG_WARN_ENUM_CONVERSION = YES;
				CLANG_WARN_INFINITE_RECURSION = YES;
				CLANG_WARN_INT_CONVERSION = YES;
				CLANG_WARN_NON_LITERAL_NULL_CONVERSION = YES;
				CLANG_WARN_OBJC_IMPLICIT_RETAIN_SELF = YES;
				CLANG_WARN_OBJC_LITERAL_CONVERSION = YES;
				CLANG_WARN_OBJC_ROOT_CLASS = YES_ERROR;
				CLANG_WARN_QUOTED_INCLUDE_IN_FRAMEWORK_HEADER = YES;
				CLANG_WARN_RANGE_LOOP_ANALYSIS = YES;
				CLANG_WARN_STRICT_PROTOTYPES = YES;
				CLANG_WARN_SUSPICIOUS_MOVE = YES;
				CLANG_WARN_UNGUARDED_AVAILABILITY = YES_AGGRESSIVE;
				CLANG_WARN_UNREACHABLE_CODE = YES;
				CLANG_WARN__DUPLICATE_METHOD_MATCH = YES;
				COPY_PHASE_STRIP = NO;
				DEBUG_INFORMATION_FORMAT = "dwarf-with-dsym";
				ENABLE_NS_ASSERTIONS = NO;
				ENABLE_STRICT_OBJC_MSGSEND = YES;
				GCC_C_LANGUAGE_STANDARD = gnu11;
				GCC_NO_COMMON_BLOCKS = YES;
				GCC_WARN_64_TO_32_BIT_CONVERSION = YES;
				GCC_WARN_ABOUT_RETURN_TYPE = YES_ERROR;
				GCC_WARN_UNDECLARED_SELECTOR = YES;
				GCC_WARN_UNINITIALIZED_AUTOS = YES_AGGRESSIVE;
				GCC_WARN_UNUSED_FUNCTION = YES;
				GCC_WARN_UNUSED_VARIABLE = YES;
				IPHONEOS_DEPLOYMENT_TARGET = 16.4;
				MTL_ENABLE_DEBUG_INFO = NO;
				MTL_FAST_MATH = YES;
				SDKROOT = iphoneos;
				SWIFT_COMPILATION_MODE = wholemodule;
				SWIFT_OPTIMIZATION_LEVEL = "-O";
				VALIDATE_PRODUCT = YES;
			};
			name = Release;
		};
		5E1127B12AE960D700ACED60 /* Debug */ = {
			isa = XCBuildConfiguration;
			buildSettings = {
				ASSETCATALOG_COMPILER_APPICON_NAME = AppIcon;
				ASSETCATALOG_COMPILER_GLOBAL_ACCENT_COLOR_NAME = AccentColor;
				CODE_SIGN_STYLE = Automatic;
				CURRENT_PROJECT_VERSION = 1;
				DEVELOPMENT_ASSET_PATHS = "\"Pig/Preview Content\"";
				ENABLE_PREVIEWS = YES;
				GENERATE_INFOPLIST_FILE = YES;
				INFOPLIST_KEY_UIApplicationSceneManifest_Generation = YES;
				INFOPLIST_KEY_UIApplicationSupportsIndirectInputEvents = YES;
				INFOPLIST_KEY_UILaunchScreen_Generation = YES;
				INFOPLIST_KEY_UISupportedInterfaceOrientations_iPad = "UIInterfaceOrientationPortrait UIInterfaceOrientationPortraitUpsideDown UIInterfaceOrientationLandscapeLeft UIInterfaceOrientationLandscapeRight";
				INFOPLIST_KEY_UISupportedInterfaceOrientations_iPhone = "UIInterfaceOrientationPortrait UIInterfaceOrientationLandscapeLeft UIInterfaceOrientationLandscapeRight";
				LD_RUNPATH_SEARCH_PATHS = (
					"$(inherited)",
					"@executable_path/Frameworks",
				);
				MARKETING_VERSION = 1.0;
				PRODUCT_BUNDLE_IDENTIFIER = Ethan.Pig;
				PRODUCT_NAME = "$(TARGET_NAME)";
				SWIFT_EMIT_LOC_STRINGS = YES;
				SWIFT_VERSION = 5.0;
				TARGETED_DEVICE_FAMILY = "1,2";
			};
			name = Debug;
		};
		5E1127B22AE960D700ACED60 /* Release */ = {
			isa = XCBuildConfiguration;
			buildSettings = {
				ASSETCATALOG_COMPILER_APPICON_NAME = AppIcon;
				ASSETCATALOG_COMPILER_GLOBAL_ACCENT_COLOR_NAME = AccentColor;
				CODE_SIGN_STYLE = Automatic;
				CURRENT_PROJECT_VERSION = 1;
				DEVELOPMENT_ASSET_PATHS = "\"Pig/Preview Content\"";
				ENABLE_PREVIEWS = YES;
				GENERATE_INFOPLIST_FILE = YES;
				INFOPLIST_KEY_UIApplicationSceneManifest_Generation = YES;
				INFOPLIST_KEY_UIApplicationSupportsIndirectInputEvents = YES;
				INFOPLIST_KEY_UILaunchScreen_Generation = YES;
				INFOPLIST_KEY_UISupportedInterfaceOrientations_iPad = "UIInterfaceOrientationPortrait UIInterfaceOrientationPortraitUpsideDown UIInterfaceOrientationLandscapeLeft UIInterfaceOrientationLandscapeRight";
				INFOPLIST_KEY_UISupportedInterfaceOrientations_iPhone = "UIInterfaceOrientationPortrait UIInterfaceOrientationLandscapeLeft UIInterfaceOrientationLandscapeRight";
				LD_RUNPATH_SEARCH_PATHS = (
					"$(inherited)",
					"@executable_path/Frameworks",
				);
				MARKETING_VERSION = 1.0;
				PRODUCT_BUNDLE_IDENTIFIER = Ethan.Pig;
				PRODUCT_NAME = "$(TARGET_NAME)";
				SWIFT_EMIT_LOC_STRINGS = YES;
				SWIFT_VERSION = 5.0;
				TARGETED_DEVICE_FAMILY = "1,2";
			};
			name = Release;
		};
		5E1127B42AE960D700ACED60 /* Debug */ = {
			isa = XCBuildConfiguration;
			buildSettings = {
				ALWAYS_EMBED_SWIFT_STANDARD_LIBRARIES = YES;
				BUNDLE_LOADER = "$(TEST_HOST)";
				CODE_SIGN_STYLE = Automatic;
				CURRENT_PROJECT_VERSION = 1;
				GENERATE_INFOPLIST_FILE = YES;
				IPHONEOS_DEPLOYMENT_TARGET = 16.4;
				MARKETING_VERSION = 1.0;
				PRODUCT_BUNDLE_IDENTIFIER = Ethan.PigTests;
				PRODUCT_NAME = "$(TARGET_NAME)";
				SWIFT_EMIT_LOC_STRINGS = NO;
				SWIFT_VERSION = 5.0;
				TARGETED_DEVICE_FAMILY = "1,2";
				TEST_HOST = "$(BUILT_PRODUCTS_DIR)/Pig.app/$(BUNDLE_EXECUTABLE_FOLDER_PATH)/Pig";
			};
			name = Debug;
		};
		5E1127B52AE960D700ACED60 /* Release */ = {
			isa = XCBuildConfiguration;
			buildSettings = {
				ALWAYS_EMBED_SWIFT_STANDARD_LIBRARIES = YES;
				BUNDLE_LOADER = "$(TEST_HOST)";
				CODE_SIGN_STYLE = Automatic;
				CURRENT_PROJECT_VERSION = 1;
				GENERATE_INFOPLIST_FILE = YES;
				IPHONEOS_DEPLOYMENT_TARGET = 16.4;
				MARKETING_VERSION = 1.0;
				PRODUCT_BUNDLE_IDENTIFIER = Ethan.PigTests;
				PRODUCT_NAME = "$(TARGET_NAME)";
				SWIFT_EMIT_LOC_STRINGS = NO;
				SWIFT_VERSION = 5.0;
				TARGETED_DEVICE_FAMILY = "1,2";
				TEST_HOST = "$(BUILT_PRODUCTS_DIR)/Pig.app/$(BUNDLE_EXECUTABLE_FOLDER_PATH)/Pig";
			};
			name = Release;
		};
		5E1127B72AE960D700ACED60 /* Debug */ = {
			isa = XCBuildConfiguration;
			buildSettings = {
				ALWAYS_EMBED_SWIFT_STANDARD_LIBRARIES = YES;
				CODE_SIGN_STYLE = Automatic;
				CURRENT_PROJECT_VERSION = 1;
				GENERATE_INFOPLIST_FILE = YES;
				MARKETING_VERSION = 1.0;
				PRODUCT_BUNDLE_IDENTIFIER = Ethan.PigUITests;
				PRODUCT_NAME = "$(TARGET_NAME)";
				SWIFT_EMIT_LOC_STRINGS = NO;
				SWIFT_VERSION = 5.0;
				TARGETED_DEVICE_FAMILY = "1,2";
				TEST_TARGET_NAME = Pig;
			};
			name = Debug;
		};
		5E1127B82AE960D700ACED60 /* Release */ = {
			isa = XCBuildConfiguration;
			buildSettings = {
				ALWAYS_EMBED_SWIFT_STANDARD_LIBRARIES = YES;
				CODE_SIGN_STYLE = Automatic;
				CURRENT_PROJECT_VERSION = 1;
				GENERATE_INFOPLIST_FILE = YES;
				MARKETING_VERSION = 1.0;
				PRODUCT_BUNDLE_IDENTIFIER = Ethan.PigUITests;
				PRODUCT_NAME = "$(TARGET_NAME)";
				SWIFT_EMIT_LOC_STRINGS = NO;
				SWIFT_VERSION = 5.0;
				TARGETED_DEVICE_FAMILY = "1,2";
				TEST_TARGET_NAME = Pig;
			};
			name = Release;
		};
/* End XCBuildConfiguration section */

/* Begin XCConfigurationList section */
		5E1127872AE960D500ACED60 /* Build configuration list for PBXProject "Pig" */ = {
			isa = XCConfigurationList;
			buildConfigurations = (
				5E1127AE2AE960D700ACED60 /* Debug */,
				5E1127AF2AE960D700ACED60 /* Release */,
			);
			defaultConfigurationIsVisible = 0;
			defaultConfigurationName = Release;
		};
		5E1127B02AE960D700ACED60 /* Build configuration list for PBXNativeTarget "Pig" */ = {
			isa = XCConfigurationList;
			buildConfigurations = (
				5E1127B12AE960D700ACED60 /* Debug */,
				5E1127B22AE960D700ACED60 /* Release */,
			);
			defaultConfigurationIsVisible = 0;
			defaultConfigurationName = Release;
		};
		5E1127B32AE960D700ACED60 /* Build configuration list for PBXNativeTarget "PigTests" */ = {
			isa = XCConfigurationList;
			buildConfigurations = (
				5E1127B42AE960D700ACED60 /* Debug */,
				5E1127B52AE960D700ACED60 /* Release */,
			);
			defaultConfigurationIsVisible = 0;
			defaultConfigurationName = Release;
		};
		5E1127B62AE960D700ACED60 /* Build configuration list for PBXNativeTarget "PigUITests" */ = {
			isa = XCConfigurationList;
			buildConfigurations = (
				5E1127B72AE960D700ACED60 /* Debug */,
				5E1127B82AE960D700ACED60 /* Release */,
			);
			defaultConfigurationIsVisible = 0;
			defaultConfigurationName = Release;
		};
/* End XCConfigurationList section */
	};
	rootObject = 5E1127842AE960D500ACED60 /* Project object */;
}
